// !$*UTF8*$!
{
	archiveVersion = 1;
	classes = {
	};
	objectVersion = 77;
	objects = {

/* Begin PBXBuildFile section */
		0A76538F2CA17DF900BB9690 /* ArtcodesScanner.framework in Frameworks */ = {isa = PBXBuildFile; fileRef = 0A7653892CA17DF900BB9690 /* ArtcodesScanner.framework */; };
		0A7653902CA17DF900BB9690 /* ArtcodesScanner.framework in Embed Frameworks */ = {isa = PBXBuildFile; fileRef = 0A7653892CA17DF900BB9690 /* ArtcodesScanner.framework */; settings = {ATTRIBUTES = (CodeSignOnCopy, RemoveHeadersOnCopy, ); }; };
		0A76539A2CA17FFD00BB9690 /* GoogleSignIn in Frameworks */ = {isa = PBXBuildFile; productRef = 0A7653992CA17FFD00BB9690 /* GoogleSignIn */; };
		0A7653A62CA180B900BB9690 /* Alamofire in Frameworks */ = {isa = PBXBuildFile; productRef = 0A7653A52CA180B900BB9690 /* Alamofire */; };
		0A7653CA2CA1927F00BB9690 /* AlamofireImage in Frameworks */ = {isa = PBXBuildFile; productRef = 0A7653C92CA1927F00BB9690 /* AlamofireImage */; };
		0A7653D72CA1937800BB9690 /* OpenCV in Frameworks */ = {isa = PBXBuildFile; productRef = 0A7653D62CA1937800BB9690 /* OpenCV */; };
		0A7654262CA1992000BB9690 /* TTGSnackbar in Frameworks */ = {isa = PBXBuildFile; productRef = 0A7654252CA1992000BB9690 /* TTGSnackbar */; };
		0A76542E2CA19A1E00BB9690 /* LocationPicker in Frameworks */ = {isa = PBXBuildFile; productRef = 0A76542D2CA19A1E00BB9690 /* LocationPicker */; };
		0A7654822CA2FED700BB9690 /* SideMenu in Frameworks */ = {isa = PBXBuildFile; productRef = 0A7654812CA2FED700BB9690 /* SideMenu */; };
		0A7655512CA43E9100BB9690 /* Tabman in Frameworks */ = {isa = PBXBuildFile; productRef = 0A7655502CA43E9100BB9690 /* Tabman */; };
		0A7655542CA43E9A00BB9690 /* Pageboy in Frameworks */ = {isa = PBXBuildFile; productRef = 0A7655532CA43E9A00BB9690 /* Pageboy */; };
/* End PBXBuildFile section */

/* Begin PBXContainerItemProxy section */
		0A76538D2CA17DF900BB9690 /* PBXContainerItemProxy */ = {
			isa = PBXContainerItemProxy;
			containerPortal = 0A7653522CA17D6500BB9690 /* Project object */;
			proxyType = 1;
			remoteGlobalIDString = 0A7653882CA17DF900BB9690;
			remoteInfo = ArtcodesScanner;
		};
/* End PBXContainerItemProxy section */

/* Begin PBXCopyFilesBuildPhase section */
		0A7653832CA17D9200BB9690 /* Embed Frameworks */ = {
			isa = PBXCopyFilesBuildPhase;
			buildActionMask = 2147483647;
			dstPath = "";
			dstSubfolderSpec = 10;
			files = (
				0A7653902CA17DF900BB9690 /* ArtcodesScanner.framework in Embed Frameworks */,
			);
			name = "Embed Frameworks";
			runOnlyForDeploymentPostprocessing = 0;
		};
/* End PBXCopyFilesBuildPhase section */

/* Begin PBXFileReference section */
		0A76535A2CA17D6500BB9690 /* Artcodes.app */ = {isa = PBXFileReference; explicitFileType = wrapper.application; includeInIndex = 0; path = Artcodes.app; sourceTree = BUILT_PRODUCTS_DIR; };
		0A7653892CA17DF900BB9690 /* ArtcodesScanner.framework */ = {isa = PBXFileReference; explicitFileType = wrapper.framework; includeInIndex = 0; path = ArtcodesScanner.framework; sourceTree = BUILT_PRODUCTS_DIR; };
/* End PBXFileReference section */

/* Begin PBXFileSystemSynchronizedBuildFileExceptionSet section */
		0A76536C2CA17D6600BB9690 /* Exceptions for "Artcodes" folder in "Artcodes" target */ = {
			isa = PBXFileSystemSynchronizedBuildFileExceptionSet;
			membershipExceptions = (
				Info.plist,
			);
			target = 0A7653592CA17D6500BB9690 /* Artcodes */;
		};
		0A7653942CA17DF900BB9690 /* Exceptions for "ArtcodesScanner" folder in "ArtcodesScanner" target */ = {
			isa = PBXFileSystemSynchronizedBuildFileExceptionSet;
			publicHeaders = (
				ArtcodesScanner.h,
			);
			target = 0A7653882CA17DF900BB9690 /* ArtcodesScanner */;
		};
/* End PBXFileSystemSynchronizedBuildFileExceptionSet section */

/* Begin PBXFileSystemSynchronizedRootGroup section */
		0A76535C2CA17D6500BB9690 /* Artcodes */ = {
			isa = PBXFileSystemSynchronizedRootGroup;
			exceptions = (
				0A76536C2CA17D6600BB9690 /* Exceptions for "Artcodes" folder in "Artcodes" target */,
			);
			path = Artcodes;
			sourceTree = "<group>";
		};
		0A76538A2CA17DF900BB9690 /* ArtcodesScanner */ = {
			isa = PBXFileSystemSynchronizedRootGroup;
			exceptions = (
				0A7653942CA17DF900BB9690 /* Exceptions for "ArtcodesScanner" folder in "ArtcodesScanner" target */,
			);
			path = ArtcodesScanner;
			sourceTree = "<group>";
		};
/* End PBXFileSystemSynchronizedRootGroup section */

/* Begin PBXFrameworksBuildPhase section */
		0A7653572CA17D6500BB9690 /* Frameworks */ = {
			isa = PBXFrameworksBuildPhase;
			buildActionMask = 2147483647;
			files = (
				0A7655542CA43E9A00BB9690 /* Pageboy in Frameworks */,
				0A7653A62CA180B900BB9690 /* Alamofire in Frameworks */,
				0A76538F2CA17DF900BB9690 /* ArtcodesScanner.framework in Frameworks */,
				0A7654822CA2FED700BB9690 /* SideMenu in Frameworks */,
				0A7653CA2CA1927F00BB9690 /* AlamofireImage in Frameworks */,
				0A76542E2CA19A1E00BB9690 /* LocationPicker in Frameworks */,
				0A7655512CA43E9100BB9690 /* Tabman in Frameworks */,
				0A7654262CA1992000BB9690 /* TTGSnackbar in Frameworks */,
				0A76539A2CA17FFD00BB9690 /* GoogleSignIn in Frameworks */,
			);
			runOnlyForDeploymentPostprocessing = 0;
		};
		0A7653862CA17DF900BB9690 /* Frameworks */ = {
			isa = PBXFrameworksBuildPhase;
			buildActionMask = 2147483647;
			files = (
				0A7653D72CA1937800BB9690 /* OpenCV in Frameworks */,
			);
			runOnlyForDeploymentPostprocessing = 0;
		};
/* End PBXFrameworksBuildPhase section */

/* Begin PBXGroup section */
		0A7653512CA17D6500BB9690 = {
			isa = PBXGroup;
			children = (
				0A76535C2CA17D6500BB9690 /* Artcodes */,
				0A76538A2CA17DF900BB9690 /* ArtcodesScanner */,
				0A7653BB2CA1919B00BB9690 /* Frameworks */,
				0A76535B2CA17D6500BB9690 /* Products */,
			);
			sourceTree = "<group>";
		};
		0A76535B2CA17D6500BB9690 /* Products */ = {
			isa = PBXGroup;
			children = (
				0A76535A2CA17D6500BB9690 /* Artcodes.app */,
				0A7653892CA17DF900BB9690 /* ArtcodesScanner.framework */,
			);
			name = Products;
			sourceTree = "<group>";
		};
		0A7653BB2CA1919B00BB9690 /* Frameworks */ = {
			isa = PBXGroup;
			children = (
			);
			name = Frameworks;
			sourceTree = "<group>";
		};
/* End PBXGroup section */

/* Begin PBXHeadersBuildPhase section */
		0A7653842CA17DF900BB9690 /* Headers */ = {
			isa = PBXHeadersBuildPhase;
			buildActionMask = 2147483647;
			files = (
			);
			runOnlyForDeploymentPostprocessing = 0;
		};
/* End PBXHeadersBuildPhase section */

/* Begin PBXNativeTarget section */
		0A7653592CA17D6500BB9690 /* Artcodes */ = {
			isa = PBXNativeTarget;
			buildConfigurationList = 0A76536D2CA17D6600BB9690 /* Build configuration list for PBXNativeTarget "Artcodes" */;
			buildPhases = (
				0A7653562CA17D6500BB9690 /* Sources */,
				0A7653572CA17D6500BB9690 /* Frameworks */,
				0A7653582CA17D6500BB9690 /* Resources */,
				0A7653832CA17D9200BB9690 /* Embed Frameworks */,
			);
			buildRules = (
			);
			dependencies = (
				0A76538E2CA17DF900BB9690 /* PBXTargetDependency */,
			);
			fileSystemSynchronizedGroups = (
				0A76535C2CA17D6500BB9690 /* Artcodes */,
			);
			name = Artcodes;
			packageProductDependencies = (
				0A7653992CA17FFD00BB9690 /* GoogleSignIn */,
				0A7653A52CA180B900BB9690 /* Alamofire */,
				0A7653C92CA1927F00BB9690 /* AlamofireImage */,
				0A7654252CA1992000BB9690 /* TTGSnackbar */,
				0A76542D2CA19A1E00BB9690 /* LocationPicker */,
				0A7654812CA2FED700BB9690 /* SideMenu */,
				0A7655502CA43E9100BB9690 /* Tabman */,
				0A7655532CA43E9A00BB9690 /* Pageboy */,
			);
			productName = Artcodes;
			productReference = 0A76535A2CA17D6500BB9690 /* Artcodes.app */;
			productType = "com.apple.product-type.application";
		};
		0A7653882CA17DF900BB9690 /* ArtcodesScanner */ = {
			isa = PBXNativeTarget;
			buildConfigurationList = 0A7653912CA17DF900BB9690 /* Build configuration list for PBXNativeTarget "ArtcodesScanner" */;
			buildPhases = (
				0A7653842CA17DF900BB9690 /* Headers */,
				0A7653852CA17DF900BB9690 /* Sources */,
				0A7653862CA17DF900BB9690 /* Frameworks */,
				0A7653872CA17DF900BB9690 /* Resources */,
			);
			buildRules = (
			);
			dependencies = (
			);
			fileSystemSynchronizedGroups = (
				0A76538A2CA17DF900BB9690 /* ArtcodesScanner */,
			);
			name = ArtcodesScanner;
			packageProductDependencies = (
				0A7653D62CA1937800BB9690 /* OpenCV */,
			);
			productName = ArtcodesScanner;
			productReference = 0A7653892CA17DF900BB9690 /* ArtcodesScanner.framework */;
			productType = "com.apple.product-type.framework";
		};
/* End PBXNativeTarget section */

/* Begin PBXProject section */
		0A7653522CA17D6500BB9690 /* Project object */ = {
			isa = PBXProject;
			attributes = {
				BuildIndependentTargetsInParallel = 1;
				LastSwiftUpdateCheck = 1600;
				LastUpgradeCheck = 1600;
				TargetAttributes = {
					0A7653592CA17D6500BB9690 = {
						CreatedOnToolsVersion = 16.0;
					};
					0A7653882CA17DF900BB9690 = {
						CreatedOnToolsVersion = 16.0;
						LastSwiftMigration = 1600;
					};
				};
			};
			buildConfigurationList = 0A7653552CA17D6500BB9690 /* Build configuration list for PBXProject "Artcodes" */;
			developmentRegion = en;
			hasScannedForEncodings = 0;
			knownRegions = (
				en,
				Base,
			);
			mainGroup = 0A7653512CA17D6500BB9690;
			minimizedProjectReferenceProxies = 1;
			packageReferences = (
				0A7653982CA17FFD00BB9690 /* XCRemoteSwiftPackageReference "GoogleSignIn-iOS" */,
				0A7653A42CA180B900BB9690 /* XCRemoteSwiftPackageReference "Alamofire" */,
				0A7653C82CA1927F00BB9690 /* XCRemoteSwiftPackageReference "AlamofireImage" */,
				0A7653D52CA1937800BB9690 /* XCRemoteSwiftPackageReference "opencv-spm" */,
				0A7654242CA1992000BB9690 /* XCRemoteSwiftPackageReference "TTGSnackbar" */,
				0A76542C2CA19A1E00BB9690 /* XCRemoteSwiftPackageReference "LocationPicker" */,
				0A7654802CA2FED700BB9690 /* XCRemoteSwiftPackageReference "SideMenu" */,
				0A76554F2CA43E9100BB9690 /* XCRemoteSwiftPackageReference "Tabman" */,
				0A7655522CA43E9A00BB9690 /* XCRemoteSwiftPackageReference "Pageboy" */,
			);
			preferredProjectObjectVersion = 77;
			productRefGroup = 0A76535B2CA17D6500BB9690 /* Products */;
			projectDirPath = "";
			projectRoot = "";
			targets = (
				0A7653592CA17D6500BB9690 /* Artcodes */,
				0A7653882CA17DF900BB9690 /* ArtcodesScanner */,
			);
		};
/* End PBXProject section */

/* Begin PBXResourcesBuildPhase section */
		0A7653582CA17D6500BB9690 /* Resources */ = {
			isa = PBXResourcesBuildPhase;
			buildActionMask = 2147483647;
			files = (
			);
			runOnlyForDeploymentPostprocessing = 0;
		};
		0A7653872CA17DF900BB9690 /* Resources */ = {
			isa = PBXResourcesBuildPhase;
			buildActionMask = 2147483647;
			files = (
			);
			runOnlyForDeploymentPostprocessing = 0;
		};
/* End PBXResourcesBuildPhase section */

/* Begin PBXSourcesBuildPhase section */
		0A7653562CA17D6500BB9690 /* Sources */ = {
			isa = PBXSourcesBuildPhase;
			buildActionMask = 2147483647;
			files = (
			);
			runOnlyForDeploymentPostprocessing = 0;
		};
		0A7653852CA17DF900BB9690 /* Sources */ = {
			isa = PBXSourcesBuildPhase;
			buildActionMask = 2147483647;
			files = (
			);
			runOnlyForDeploymentPostprocessing = 0;
		};
/* End PBXSourcesBuildPhase section */

/* Begin PBXTargetDependency section */
		0A76538E2CA17DF900BB9690 /* PBXTargetDependency */ = {
			isa = PBXTargetDependency;
			target = 0A7653882CA17DF900BB9690 /* ArtcodesScanner */;
			targetProxy = 0A76538D2CA17DF900BB9690 /* PBXContainerItemProxy */;
		};
/* End PBXTargetDependency section */

/* Begin XCBuildConfiguration section */
		0A76536E2CA17D6600BB9690 /* Debug */ = {
			isa = XCBuildConfiguration;
			buildSettings = {
				ASSETCATALOG_COMPILER_APPICON_NAME = AppIcon;
				ASSETCATALOG_COMPILER_GLOBAL_ACCENT_COLOR_NAME = AccentColor;
				CODE_SIGN_STYLE = Automatic;
				CURRENT_PROJECT_VERSION = 1;
				DEVELOPMENT_TEAM = GLPSMZ875K;
				GENERATE_INFOPLIST_FILE = YES;
				INFOPLIST_FILE = Artcodes/Info.plist;
				INFOPLIST_KEY_LSApplicationCategoryType = "public.app-category.utilities";
				INFOPLIST_KEY_UIApplicationSupportsIndirectInputEvents = YES;
				INFOPLIST_KEY_UILaunchStoryboardName = LaunchScreen.xib;
				INFOPLIST_KEY_UISupportedInterfaceOrientations_iPad = "UIInterfaceOrientationPortrait UIInterfaceOrientationPortraitUpsideDown UIInterfaceOrientationLandscapeLeft UIInterfaceOrientationLandscapeRight";
				INFOPLIST_KEY_UISupportedInterfaceOrientations_iPhone = "UIInterfaceOrientationPortrait UIInterfaceOrientationLandscapeLeft UIInterfaceOrientationLandscapeRight";
				IPHONEOS_DEPLOYMENT_TARGET = 12.0;
				LD_RUNPATH_SEARCH_PATHS = (
					"$(inherited)",
					"@executable_path/Frameworks",
				);
				MARKETING_VERSION = 1.0;
				PRODUCT_BUNDLE_IDENTIFIER = uk.ac.horizon.aestheticodes;
				PRODUCT_NAME = "$(TARGET_NAME)";
				SWIFT_EMIT_LOC_STRINGS = YES;
				SWIFT_VERSION = 5.0;
				TARGETED_DEVICE_FAMILY = "1,2";
			};
			name = Debug;
		};
		0A76536F2CA17D6600BB9690 /* Release */ = {
			isa = XCBuildConfiguration;
			buildSettings = {
				ASSETCATALOG_COMPILER_APPICON_NAME = AppIcon;
				ASSETCATALOG_COMPILER_GLOBAL_ACCENT_COLOR_NAME = AccentColor;
				CODE_SIGN_STYLE = Automatic;
				CURRENT_PROJECT_VERSION = 1;
				DEVELOPMENT_TEAM = GLPSMZ875K;
				GENERATE_INFOPLIST_FILE = YES;
				INFOPLIST_FILE = Artcodes/Info.plist;
				INFOPLIST_KEY_LSApplicationCategoryType = "public.app-category.utilities";
				INFOPLIST_KEY_UIApplicationSupportsIndirectInputEvents = YES;
				INFOPLIST_KEY_UILaunchStoryboardName = LaunchScreen.xib;
				INFOPLIST_KEY_UISupportedInterfaceOrientations_iPad = "UIInterfaceOrientationPortrait UIInterfaceOrientationPortraitUpsideDown UIInterfaceOrientationLandscapeLeft UIInterfaceOrientationLandscapeRight";
				INFOPLIST_KEY_UISupportedInterfaceOrientations_iPhone = "UIInterfaceOrientationPortrait UIInterfaceOrientationLandscapeLeft UIInterfaceOrientationLandscapeRight";
				IPHONEOS_DEPLOYMENT_TARGET = 12.0;
				LD_RUNPATH_SEARCH_PATHS = (
					"$(inherited)",
					"@executable_path/Frameworks",
				);
				MARKETING_VERSION = 1.0;
				PRODUCT_BUNDLE_IDENTIFIER = uk.ac.horizon.aestheticodes;
				PRODUCT_NAME = "$(TARGET_NAME)";
				SWIFT_EMIT_LOC_STRINGS = YES;
				SWIFT_VERSION = 5.0;
				TARGETED_DEVICE_FAMILY = "1,2";
			};
			name = Release;
		};
		0A7653702CA17D6600BB9690 /* Debug */ = {
			isa = XCBuildConfiguration;
			buildSettings = {
				ALWAYS_SEARCH_USER_PATHS = NO;
				ASSETCATALOG_COMPILER_GENERATE_SWIFT_ASSET_SYMBOL_EXTENSIONS = YES;
				CLANG_ANALYZER_NONNULL = YES;
				CLANG_ANALYZER_NUMBER_OBJECT_CONVERSION = YES_AGGRESSIVE;
				CLANG_CXX_LANGUAGE_STANDARD = "gnu++20";
				CLANG_ENABLE_MODULES = YES;
				CLANG_ENABLE_OBJC_ARC = YES;
				CLANG_ENABLE_OBJC_WEAK = YES;
				CLANG_WARN_BLOCK_CAPTURE_AUTORELEASING = YES;
				CLANG_WARN_BOOL_CONVERSION = YES;
				CLANG_WARN_COMMA = YES;
				CLANG_WARN_CONSTANT_CONVERSION = YES;
				CLANG_WARN_DEPRECATED_OBJC_IMPLEMENTATIONS = YES;
				CLANG_WARN_DIRECT_OBJC_ISA_USAGE = YES_ERROR;
				CLANG_WARN_DOCUMENTATION_COMMENTS = YES;
				CLANG_WARN_EMPTY_BODY = YES;
				CLANG_WARN_ENUM_CONVERSION = YES;
				CLANG_WARN_INFINITE_RECURSION = YES;
				CLANG_WARN_INT_CONVERSION = YES;
				CLANG_WARN_NON_LITERAL_NULL_CONVERSION = YES;
				CLANG_WARN_OBJC_IMPLICIT_RETAIN_SELF = YES;
				CLANG_WARN_OBJC_LITERAL_CONVERSION = YES;
				CLANG_WARN_OBJC_ROOT_CLASS = YES_ERROR;
				CLANG_WARN_QUOTED_INCLUDE_IN_FRAMEWORK_HEADER = YES;
				CLANG_WARN_RANGE_LOOP_ANALYSIS = YES;
				CLANG_WARN_STRICT_PROTOTYPES = YES;
				CLANG_WARN_SUSPICIOUS_MOVE = YES;
				CLANG_WARN_UNGUARDED_AVAILABILITY = YES_AGGRESSIVE;
				CLANG_WARN_UNREACHABLE_CODE = YES;
				CLANG_WARN__DUPLICATE_METHOD_MATCH = YES;
				COPY_PHASE_STRIP = NO;
				DEBUG_INFORMATION_FORMAT = dwarf;
				ENABLE_STRICT_OBJC_MSGSEND = YES;
				ENABLE_TESTABILITY = YES;
				ENABLE_USER_SCRIPT_SANDBOXING = YES;
				GCC_C_LANGUAGE_STANDARD = gnu17;
				GCC_DYNAMIC_NO_PIC = NO;
				GCC_NO_COMMON_BLOCKS = YES;
				GCC_OPTIMIZATION_LEVEL = 0;
				GCC_PREPROCESSOR_DEFINITIONS = (
					"DEBUG=1",
					"$(inherited)",
				);
				GCC_WARN_64_TO_32_BIT_CONVERSION = YES;
				GCC_WARN_ABOUT_RETURN_TYPE = YES_ERROR;
				GCC_WARN_UNDECLARED_SELECTOR = YES;
				GCC_WARN_UNINITIALIZED_AUTOS = YES_AGGRESSIVE;
				GCC_WARN_UNUSED_FUNCTION = YES;
				GCC_WARN_UNUSED_VARIABLE = YES;
				IPHONEOS_DEPLOYMENT_TARGET = 18.0;
				LOCALIZATION_PREFERS_STRING_CATALOGS = YES;
				MTL_ENABLE_DEBUG_INFO = INCLUDE_SOURCE;
				MTL_FAST_MATH = YES;
				ONLY_ACTIVE_ARCH = YES;
				SDKROOT = iphoneos;
				SWIFT_ACTIVE_COMPILATION_CONDITIONS = "DEBUG $(inherited)";
				SWIFT_OPTIMIZATION_LEVEL = "-Onone";
			};
			name = Debug;
		};
		0A7653712CA17D6600BB9690 /* Release */ = {
			isa = XCBuildConfiguration;
			buildSettings = {
				ALWAYS_SEARCH_USER_PATHS = NO;
				ASSETCATALOG_COMPILER_GENERATE_SWIFT_ASSET_SYMBOL_EXTENSIONS = YES;
				CLANG_ANALYZER_NONNULL = YES;
				CLANG_ANALYZER_NUMBER_OBJECT_CONVERSION = YES_AGGRESSIVE;
				CLANG_CXX_LANGUAGE_STANDARD = "gnu++20";
				CLANG_ENABLE_MODULES = YES;
				CLANG_ENABLE_OBJC_ARC = YES;
				CLANG_ENABLE_OBJC_WEAK = YES;
				CLANG_WARN_BLOCK_CAPTURE_AUTORELEASING = YES;
				CLANG_WARN_BOOL_CONVERSION = YES;
				CLANG_WARN_COMMA = YES;
				CLANG_WARN_CONSTANT_CONVERSION = YES;
				CLANG_WARN_DEPRECATED_OBJC_IMPLEMENTATIONS = YES;
				CLANG_WARN_DIRECT_OBJC_ISA_USAGE = YES_ERROR;
				CLANG_WARN_DOCUMENTATION_COMMENTS = YES;
				CLANG_WARN_EMPTY_BODY = YES;
				CLANG_WARN_ENUM_CONVERSION = YES;
				CLANG_WARN_INFINITE_RECURSION = YES;
				CLANG_WARN_INT_CONVERSION = YES;
				CLANG_WARN_NON_LITERAL_NULL_CONVERSION = YES;
				CLANG_WARN_OBJC_IMPLICIT_RETAIN_SELF = YES;
				CLANG_WARN_OBJC_LITERAL_CONVERSION = YES;
				CLANG_WARN_OBJC_ROOT_CLASS = YES_ERROR;
				CLANG_WARN_QUOTED_INCLUDE_IN_FRAMEWORK_HEADER = YES;
				CLANG_WARN_RANGE_LOOP_ANALYSIS = YES;
				CLANG_WARN_STRICT_PROTOTYPES = YES;
				CLANG_WARN_SUSPICIOUS_MOVE = YES;
				CLANG_WARN_UNGUARDED_AVAILABILITY = YES_AGGRESSIVE;
				CLANG_WARN_UNREACHABLE_CODE = YES;
				CLANG_WARN__DUPLICATE_METHOD_MATCH = YES;
				COPY_PHASE_STRIP = NO;
				DEBUG_INFORMATION_FORMAT = "dwarf-with-dsym";
				ENABLE_NS_ASSERTIONS = NO;
				ENABLE_STRICT_OBJC_MSGSEND = YES;
				ENABLE_USER_SCRIPT_SANDBOXING = YES;
				GCC_C_LANGUAGE_STANDARD = gnu17;
				GCC_NO_COMMON_BLOCKS = YES;
				GCC_WARN_64_TO_32_BIT_CONVERSION = YES;
				GCC_WARN_ABOUT_RETURN_TYPE = YES_ERROR;
				GCC_WARN_UNDECLARED_SELECTOR = YES;
				GCC_WARN_UNINITIALIZED_AUTOS = YES_AGGRESSIVE;
				GCC_WARN_UNUSED_FUNCTION = YES;
				GCC_WARN_UNUSED_VARIABLE = YES;
				IPHONEOS_DEPLOYMENT_TARGET = 18.0;
				LOCALIZATION_PREFERS_STRING_CATALOGS = YES;
				MTL_ENABLE_DEBUG_INFO = NO;
				MTL_FAST_MATH = YES;
				SDKROOT = iphoneos;
				SWIFT_COMPILATION_MODE = wholemodule;
				VALIDATE_PRODUCT = YES;
			};
			name = Release;
		};
		0A7653922CA17DF900BB9690 /* Debug */ = {
			isa = XCBuildConfiguration;
			buildSettings = {
				BUILD_LIBRARY_FOR_DISTRIBUTION = YES;
				CLANG_ENABLE_MODULES = YES;
				CODE_SIGN_STYLE = Automatic;
				CURRENT_PROJECT_VERSION = 1;
				DEFINES_MODULE = YES;
				DEVELOPMENT_TEAM = GLPSMZ875K;
				DYLIB_COMPATIBILITY_VERSION = 1;
				DYLIB_CURRENT_VERSION = 1;
				DYLIB_INSTALL_NAME_BASE = "@rpath";
				ENABLE_MODULE_VERIFIER = YES;
				GENERATE_INFOPLIST_FILE = YES;
				INFOPLIST_KEY_NSHumanReadableCopyright = "";
				INSTALL_PATH = "$(LOCAL_LIBRARY_DIR)/Frameworks";
				LD_RUNPATH_SEARCH_PATHS = (
					"$(inherited)",
					"@executable_path/Frameworks",
					"@loader_path/Frameworks",
				);
				MARKETING_VERSION = 1.0;
				MODULE_VERIFIER_SUPPORTED_LANGUAGES = "objective-c objective-c++";
				MODULE_VERIFIER_SUPPORTED_LANGUAGE_STANDARDS = "gnu17 gnu++20";
				PRODUCT_BUNDLE_IDENTIFIER = uk.ac.horizon.ArtcodesScanner;
				PRODUCT_NAME = "$(TARGET_NAME:c99extidentifier)";
				SKIP_INSTALL = YES;
				SWIFT_EMIT_LOC_STRINGS = YES;
				SWIFT_INSTALL_OBJC_HEADER = NO;
				SWIFT_OPTIMIZATION_LEVEL = "-Onone";
				SWIFT_VERSION = 5.0;
				TARGETED_DEVICE_FAMILY = "1,2";
				VERSIONING_SYSTEM = "apple-generic";
				VERSION_INFO_PREFIX = "";
			};
			name = Debug;
		};
		0A7653932CA17DF900BB9690 /* Release */ = {
			isa = XCBuildConfiguration;
			buildSettings = {
				BUILD_LIBRARY_FOR_DISTRIBUTION = YES;
				CLANG_ENABLE_MODULES = YES;
				CODE_SIGN_STYLE = Automatic;
				CURRENT_PROJECT_VERSION = 1;
				DEFINES_MODULE = YES;
				DEVELOPMENT_TEAM = GLPSMZ875K;
				DYLIB_COMPATIBILITY_VERSION = 1;
				DYLIB_CURRENT_VERSION = 1;
				DYLIB_INSTALL_NAME_BASE = "@rpath";
				ENABLE_MODULE_VERIFIER = YES;
				GENERATE_INFOPLIST_FILE = YES;
				INFOPLIST_KEY_NSHumanReadableCopyright = "";
				INSTALL_PATH = "$(LOCAL_LIBRARY_DIR)/Frameworks";
				LD_RUNPATH_SEARCH_PATHS = (
					"$(inherited)",
					"@executable_path/Frameworks",
					"@loader_path/Frameworks",
				);
				MARKETING_VERSION = 1.0;
				MODULE_VERIFIER_SUPPORTED_LANGUAGES = "objective-c objective-c++";
				MODULE_VERIFIER_SUPPORTED_LANGUAGE_STANDARDS = "gnu17 gnu++20";
				PRODUCT_BUNDLE_IDENTIFIER = uk.ac.horizon.ArtcodesScanner;
				PRODUCT_NAME = "$(TARGET_NAME:c99extidentifier)";
				SKIP_INSTALL = YES;
				SWIFT_EMIT_LOC_STRINGS = YES;
				SWIFT_INSTALL_OBJC_HEADER = NO;
				SWIFT_VERSION = 5.0;
				TARGETED_DEVICE_FAMILY = "1,2";
				VERSIONING_SYSTEM = "apple-generic";
				VERSION_INFO_PREFIX = "";
			};
			name = Release;
		};
/* End XCBuildConfiguration section */

/* Begin XCConfigurationList section */
		0A7653552CA17D6500BB9690 /* Build configuration list for PBXProject "Artcodes" */ = {
			isa = XCConfigurationList;
			buildConfigurations = (
				0A7653702CA17D6600BB9690 /* Debug */,
				0A7653712CA17D6600BB9690 /* Release */,
			);
			defaultConfigurationIsVisible = 0;
			defaultConfigurationName = Release;
		};
		0A76536D2CA17D6600BB9690 /* Build configuration list for PBXNativeTarget "Artcodes" */ = {
			isa = XCConfigurationList;
			buildConfigurations = (
				0A76536E2CA17D6600BB9690 /* Debug */,
				0A76536F2CA17D6600BB9690 /* Release */,
			);
			defaultConfigurationIsVisible = 0;
			defaultConfigurationName = Release;
		};
		0A7653912CA17DF900BB9690 /* Build configuration list for PBXNativeTarget "ArtcodesScanner" */ = {
			isa = XCConfigurationList;
			buildConfigurations = (
				0A7653922CA17DF900BB9690 /* Debug */,
				0A7653932CA17DF900BB9690 /* Release */,
			);
			defaultConfigurationIsVisible = 0;
			defaultConfigurationName = Release;
		};
/* End XCConfigurationList section */

/* Begin XCRemoteSwiftPackageReference section */
		0A7653982CA17FFD00BB9690 /* XCRemoteSwiftPackageReference "GoogleSignIn-iOS" */ = {
			isa = XCRemoteSwiftPackageReference;
			repositoryURL = "https://github.com/google/GoogleSignIn-iOS";
			requirement = {
				kind = upToNextMajorVersion;
				minimumVersion = 8.0.0;
			};
		};
		0A7653A42CA180B900BB9690 /* XCRemoteSwiftPackageReference "Alamofire" */ = {
			isa = XCRemoteSwiftPackageReference;
			repositoryURL = "https://github.com/Alamofire/Alamofire.git";
			requirement = {
				kind = upToNextMajorVersion;
				minimumVersion = 5.9.1;
			};
		};
		0A7653C82CA1927F00BB9690 /* XCRemoteSwiftPackageReference "AlamofireImage" */ = {
			isa = XCRemoteSwiftPackageReference;
			repositoryURL = "https://github.com/Alamofire/AlamofireImage";
			requirement = {
				kind = upToNextMajorVersion;
				minimumVersion = 4.3.0;
			};
		};
		0A7653D52CA1937800BB9690 /* XCRemoteSwiftPackageReference "opencv-spm" */ = {
			isa = XCRemoteSwiftPackageReference;
			repositoryURL = "https://github.com/yeatse/opencv-spm";
			requirement = {
				kind = upToNextMajorVersion;
				minimumVersion = 4.10.0;
			};
		};
		0A7654242CA1992000BB9690 /* XCRemoteSwiftPackageReference "TTGSnackbar" */ = {
			isa = XCRemoteSwiftPackageReference;
			repositoryURL = "https://github.com/zekunyan/TTGSnackbar";
			requirement = {
				kind = upToNextMajorVersion;
				minimumVersion = 1.12.0;
			};
		};
		0A76542C2CA19A1E00BB9690 /* XCRemoteSwiftPackageReference "LocationPicker" */ = {
			isa = XCRemoteSwiftPackageReference;
			repositoryURL = "https://github.com/qubicle-aswinrnath/LocationPicker";
			requirement = {
				branch = master;
				kind = branch;
			};
		};
		0A7654802CA2FED700BB9690 /* XCRemoteSwiftPackageReference "SideMenu" */ = {
			isa = XCRemoteSwiftPackageReference;
			repositoryURL = "https://github.com/kukushi/SideMenu";
			requirement = {
				kind = upToNextMajorVersion;
				minimumVersion = 2.1.1;
			};
		};
		0A76554F2CA43E9100BB9690 /* XCRemoteSwiftPackageReference "Tabman" */ = {
			isa = XCRemoteSwiftPackageReference;
			repositoryURL = "https://github.com/uias/Tabman";
			requirement = {
				kind = upToNextMajorVersion;
				minimumVersion = 3.2.0;
			};
		};
		0A7655522CA43E9A00BB9690 /* XCRemoteSwiftPackageReference "Pageboy" */ = {
			isa = XCRemoteSwiftPackageReference;
			repositoryURL = "https://github.com/uias/Pageboy";
			requirement = {
				kind = upToNextMajorVersion;
				minimumVersion = 4.2.0;
			};
		};
/* End XCRemoteSwiftPackageReference section */

/* Begin XCSwiftPackageProductDependency section */
		0A7653992CA17FFD00BB9690 /* GoogleSignIn */ = {
			isa = XCSwiftPackageProductDependency;
			package = 0A7653982CA17FFD00BB9690 /* XCRemoteSwiftPackageReference "GoogleSignIn-iOS" */;
			productName = GoogleSignIn;
		};
		0A7653A52CA180B900BB9690 /* Alamofire */ = {
			isa = XCSwiftPackageProductDependency;
			package = 0A7653A42CA180B900BB9690 /* XCRemoteSwiftPackageReference "Alamofire" */;
			productName = Alamofire;
		};
		0A7653C92CA1927F00BB9690 /* AlamofireImage */ = {
			isa = XCSwiftPackageProductDependency;
			package = 0A7653C82CA1927F00BB9690 /* XCRemoteSwiftPackageReference "AlamofireImage" */;
			productName = AlamofireImage;
		};
		0A7653D62CA1937800BB9690 /* OpenCV */ = {
			isa = XCSwiftPackageProductDependency;
			package = 0A7653D52CA1937800BB9690 /* XCRemoteSwiftPackageReference "opencv-spm" */;
			productName = OpenCV;
		};
		0A7654252CA1992000BB9690 /* TTGSnackbar */ = {
			isa = XCSwiftPackageProductDependency;
			package = 0A7654242CA1992000BB9690 /* XCRemoteSwiftPackageReference "TTGSnackbar" */;
			productName = TTGSnackbar;
		};
		0A76542D2CA19A1E00BB9690 /* LocationPicker */ = {
			isa = XCSwiftPackageProductDependency;
			package = 0A76542C2CA19A1E00BB9690 /* XCRemoteSwiftPackageReference "LocationPicker" */;
			productName = LocationPicker;
		};
		0A7654812CA2FED700BB9690 /* SideMenu */ = {
			isa = XCSwiftPackageProductDependency;
			package = 0A7654802CA2FED700BB9690 /* XCRemoteSwiftPackageReference "SideMenu" */;
			productName = SideMenu;
		};
		0A7655502CA43E9100BB9690 /* Tabman */ = {
			isa = XCSwiftPackageProductDependency;
			package = 0A76554F2CA43E9100BB9690 /* XCRemoteSwiftPackageReference "Tabman" */;
			productName = Tabman;
		};
		0A7655532CA43E9A00BB9690 /* Pageboy */ = {
			isa = XCSwiftPackageProductDependency;
			package = 0A7655522CA43E9A00BB9690 /* XCRemoteSwiftPackageReference "Pageboy" */;
			productName = Pageboy;
		};
/* End XCSwiftPackageProductDependency section */
	};
	rootObject = 0A7653522CA17D6500BB9690 /* Project object */;
}
