// !$*UTF8*$!
{
	archiveVersion = 1;
	classes = {
	};
	objectVersion = 46;
	objects = {

/* Begin PBXBuildFile section */
		0A513F521AB71568008B926F /* ChecksumViewController.m in Sources */ = {isa = PBXBuildFile; fileRef = 0A513F511AB71568008B926F /* ChecksumViewController.m */; };
		0ACF12B01AB3057E0032B185 /* RegionViewController.m in Sources */ = {isa = PBXBuildFile; fileRef = 0ACF12AF1AB3057E0032B185 /* RegionViewController.m */; };
		0AFAB5E71AB0830E00B37C25 /* icons.xcassets in Resources */ = {isa = PBXBuildFile; fileRef = 0AFAB5CD1AB0830E00B37C25 /* icons.xcassets */; };
		0AFAB5E81AB0830E00B37C25 /* camera.xib in Resources */ = {isa = PBXBuildFile; fileRef = 0AFAB5CF1AB0830E00B37C25 /* camera.xib */; };
		0AFAB5E91AB0830E00B37C25 /* ExperienceController.m in Sources */ = {isa = PBXBuildFile; fileRef = 0AFAB5D31AB0830E00B37C25 /* ExperienceController.m */; };
		0AFAB5EA1AB0830E00B37C25 /* ACODESCameraSettings.m in Sources */ = {isa = PBXBuildFile; fileRef = 0AFAB5D61AB0830E00B37C25 /* ACODESCameraSettings.m */; };
		0AFAB5EB1AB0830E00B37C25 /* ACODESMachineSettings.m in Sources */ = {isa = PBXBuildFile; fileRef = 0AFAB5D81AB0830E00B37C25 /* ACODESMachineSettings.m */; };
		0AFAB5EC1AB0830E00B37C25 /* Experience.m in Sources */ = {isa = PBXBuildFile; fileRef = 0AFAB5DA1AB0830E00B37C25 /* Experience.m */; };
		0AFAB5ED1AB0830E00B37C25 /* Marker.m in Sources */ = {isa = PBXBuildFile; fileRef = 0AFAB5DC1AB0830E00B37C25 /* Marker.m */; };
		0AFAB5EE1AB0830E00B37C25 /* MarkerCode.m in Sources */ = {isa = PBXBuildFile; fileRef = 0AFAB5DE1AB0830E00B37C25 /* MarkerCode.m */; };
		0AFAB5EF1AB0830E00B37C25 /* MarkerSelection.m in Sources */ = {isa = PBXBuildFile; fileRef = 0AFAB5E01AB0830E00B37C25 /* MarkerSelection.m */; };
		0AFAB5F01AB0830E00B37C25 /* ScanViewController.m in Sources */ = {isa = PBXBuildFile; fileRef = 0AFAB5E31AB0830E00B37C25 /* ScanViewController.m */; };
		0AFAB5F11AB0830E00B37C25 /* MarkerCamera.mm in Sources */ = {isa = PBXBuildFile; fileRef = 0AFAB5E61AB0830E00B37C25 /* MarkerCamera.mm */; };
		0AFAB61C1AB0839000B37C25 /* acodes_ios_machine_settings.json in Resources */ = {isa = PBXBuildFile; fileRef = 0AFAB5F51AB0839000B37C25 /* acodes_ios_machine_settings.json */; };
		0AFAB61D1AB0839000B37C25 /* default.json in Resources */ = {isa = PBXBuildFile; fileRef = 0AFAB5F61AB0839000B37C25 /* default.json */; };
		0AFAB61E1AB0839000B37C25 /* icons.xcassets in Resources */ = {isa = PBXBuildFile; fileRef = 0AFAB5F71AB0839000B37C25 /* icons.xcassets */; };
		0AFAB61F1AB0839000B37C25 /* keys.plist in Resources */ = {isa = PBXBuildFile; fileRef = 0AFAB5F81AB0839000B37C25 /* keys.plist */; };
		0AFAB6201AB0839000B37C25 /* Localizable.strings in Resources */ = {isa = PBXBuildFile; fileRef = 0AFAB5F91AB0839000B37C25 /* Localizable.strings */; };
		0AFAB6211AB0839000B37C25 /* marker.html in Resources */ = {isa = PBXBuildFile; fileRef = 0AFAB5FA1AB0839000B37C25 /* marker.html */; };
		0AFAB6221AB0839000B37C25 /* penguins.png in Resources */ = {isa = PBXBuildFile; fileRef = 0AFAB5FB1AB0839000B37C25 /* penguins.png */; };
		0AFAB6231AB0839000B37C25 /* Storyboard.storyboard in Resources */ = {isa = PBXBuildFile; fileRef = 0AFAB5FD1AB0839000B37C25 /* Storyboard.storyboard */; };
		0AFAB6241AB0839000B37C25 /* launch.xib in Resources */ = {isa = PBXBuildFile; fileRef = 0AFAB5FF1AB0839000B37C25 /* launch.xib */; };
		0AFAB6251AB0839000B37C25 /* ExperienceManager.m in Sources */ = {isa = PBXBuildFile; fileRef = 0AFAB6031AB0839000B37C25 /* ExperienceManager.m */; };
		0AFAB6261AB0839000B37C25 /* AppDelegate.m in Sources */ = {isa = PBXBuildFile; fileRef = 0AFAB6061AB0839000B37C25 /* AppDelegate.m */; };
		0AFAB6271AB0839000B37C25 /* main.m in Sources */ = {isa = PBXBuildFile; fileRef = 0AFAB6071AB0839000B37C25 /* main.m */; };
		0AFAB6281AB0839000B37C25 /* CameraViewController.m in Sources */ = {isa = PBXBuildFile; fileRef = 0AFAB60A1AB0839000B37C25 /* CameraViewController.m */; };
		0AFAB6291AB0839000B37C25 /* ExperienceEditController.m in Sources */ = {isa = PBXBuildFile; fileRef = 0AFAB60C1AB0839000B37C25 /* ExperienceEditController.m */; };
		0AFAB62A1AB0839000B37C25 /* ExperienceListViewController.m in Sources */ = {isa = PBXBuildFile; fileRef = 0AFAB60E1AB0839000B37C25 /* ExperienceListViewController.m */; };
		0AFAB62B1AB0839000B37C25 /* ExperiencePropertyViewController.m in Sources */ = {isa = PBXBuildFile; fileRef = 0AFAB6101AB0839000B37C25 /* ExperiencePropertyViewController.m */; };
		0AFAB62C1AB0839000B37C25 /* ExperienceSelectionViewController.m in Sources */ = {isa = PBXBuildFile; fileRef = 0AFAB6121AB0839000B37C25 /* ExperienceSelectionViewController.m */; };
		0AFAB62D1AB0839000B37C25 /* ExperienceViewController.m in Sources */ = {isa = PBXBuildFile; fileRef = 0AFAB6141AB0839000B37C25 /* ExperienceViewController.m */; };
		0AFAB62E1AB0839000B37C25 /* MarkerEditController.m in Sources */ = {isa = PBXBuildFile; fileRef = 0AFAB6161AB0839000B37C25 /* MarkerEditController.m */; };
		0AFAB62F1AB0839000B37C25 /* MarkerViewController.m in Sources */ = {isa = PBXBuildFile; fileRef = 0AFAB6181AB0839000B37C25 /* MarkerViewController.m */; };
		0AFAB6301AB0839000B37C25 /* SlidingViewController.m in Sources */ = {isa = PBXBuildFile; fileRef = 0AFAB61A1AB0839000B37C25 /* SlidingViewController.m */; };
		0AFAB6321AB084D400B37C25 /* aestheticodes.podspec in Resources */ = {isa = PBXBuildFile; fileRef = 0AFAB6311AB084D400B37C25 /* aestheticodes.podspec */; };
		4C17915D2680318B8D8B8BAE /* libPods.a in Frameworks */ = {isa = PBXBuildFile; fileRef = 937F129794D4CFD376C3012C /* libPods.a */; };
/* End PBXBuildFile section */

/* Begin PBXFileReference section */
		0A513F501AB71568008B926F /* ChecksumViewController.h */ = {isa = PBXFileReference; fileEncoding = 4; lastKnownFileType = sourcecode.c.h; path = ChecksumViewController.h; sourceTree = "<group>"; };
		0A513F511AB71568008B926F /* ChecksumViewController.m */ = {isa = PBXFileReference; fileEncoding = 4; lastKnownFileType = sourcecode.c.objc; path = ChecksumViewController.m; sourceTree = "<group>"; };
		0A9A856A1AA4B78100BED214 /* aestheticodes.app */ = {isa = PBXFileReference; explicitFileType = wrapper.application; includeInIndex = 0; path = aestheticodes.app; sourceTree = BUILT_PRODUCTS_DIR; };
		0ACF12AE1AB3057E0032B185 /* RegionViewController.h */ = {isa = PBXFileReference; fileEncoding = 4; lastKnownFileType = sourcecode.c.h; path = RegionViewController.h; sourceTree = "<group>"; };
		0ACF12AF1AB3057E0032B185 /* RegionViewController.m */ = {isa = PBXFileReference; fileEncoding = 4; lastKnownFileType = sourcecode.c.objc; path = RegionViewController.m; sourceTree = "<group>"; };
		0AFAB5CD1AB0830E00B37C25 /* icons.xcassets */ = {isa = PBXFileReference; lastKnownFileType = folder.assetcatalog; path = icons.xcassets; sourceTree = "<group>"; };
		0AFAB5CF1AB0830E00B37C25 /* camera.xib */ = {isa = PBXFileReference; fileEncoding = 4; lastKnownFileType = file.xib; path = camera.xib; sourceTree = "<group>"; };
		0AFAB5D21AB0830E00B37C25 /* ExperienceController.h */ = {isa = PBXFileReference; fileEncoding = 4; lastKnownFileType = sourcecode.c.h; path = ExperienceController.h; sourceTree = "<group>"; };
		0AFAB5D31AB0830E00B37C25 /* ExperienceController.m */ = {isa = PBXFileReference; fileEncoding = 4; lastKnownFileType = sourcecode.c.objc; path = ExperienceController.m; sourceTree = "<group>"; };
		0AFAB5D51AB0830E00B37C25 /* ACODESCameraSettings.h */ = {isa = PBXFileReference; fileEncoding = 4; lastKnownFileType = sourcecode.c.h; path = ACODESCameraSettings.h; sourceTree = "<group>"; };
		0AFAB5D61AB0830E00B37C25 /* ACODESCameraSettings.m */ = {isa = PBXFileReference; fileEncoding = 4; lastKnownFileType = sourcecode.c.objc; path = ACODESCameraSettings.m; sourceTree = "<group>"; };
		0AFAB5D71AB0830E00B37C25 /* ACODESMachineSettings.h */ = {isa = PBXFileReference; fileEncoding = 4; lastKnownFileType = sourcecode.c.h; path = ACODESMachineSettings.h; sourceTree = "<group>"; };
		0AFAB5D81AB0830E00B37C25 /* ACODESMachineSettings.m */ = {isa = PBXFileReference; fileEncoding = 4; lastKnownFileType = sourcecode.c.objc; path = ACODESMachineSettings.m; sourceTree = "<group>"; };
		0AFAB5D91AB0830E00B37C25 /* Experience.h */ = {isa = PBXFileReference; fileEncoding = 4; lastKnownFileType = sourcecode.c.h; path = Experience.h; sourceTree = "<group>"; };
		0AFAB5DA1AB0830E00B37C25 /* Experience.m */ = {isa = PBXFileReference; fileEncoding = 4; lastKnownFileType = sourcecode.c.objc; path = Experience.m; sourceTree = "<group>"; };
		0AFAB5DB1AB0830E00B37C25 /* Marker.h */ = {isa = PBXFileReference; fileEncoding = 4; lastKnownFileType = sourcecode.c.h; path = Marker.h; sourceTree = "<group>"; };
		0AFAB5DC1AB0830E00B37C25 /* Marker.m */ = {isa = PBXFileReference; fileEncoding = 4; lastKnownFileType = sourcecode.c.objc; path = Marker.m; sourceTree = "<group>"; };
		0AFAB5DD1AB0830E00B37C25 /* MarkerCode.h */ = {isa = PBXFileReference; fileEncoding = 4; lastKnownFileType = sourcecode.c.h; path = MarkerCode.h; sourceTree = "<group>"; };
		0AFAB5DE1AB0830E00B37C25 /* MarkerCode.m */ = {isa = PBXFileReference; fileEncoding = 4; lastKnownFileType = sourcecode.c.objc; path = MarkerCode.m; sourceTree = "<group>"; };
		0AFAB5DF1AB0830E00B37C25 /* MarkerSelection.h */ = {isa = PBXFileReference; fileEncoding = 4; lastKnownFileType = sourcecode.c.h; path = MarkerSelection.h; sourceTree = "<group>"; };
		0AFAB5E01AB0830E00B37C25 /* MarkerSelection.m */ = {isa = PBXFileReference; fileEncoding = 4; lastKnownFileType = sourcecode.c.objc; path = MarkerSelection.m; sourceTree = "<group>"; };
		0AFAB5E21AB0830E00B37C25 /* ScanViewController.h */ = {isa = PBXFileReference; fileEncoding = 4; lastKnownFileType = sourcecode.c.h; path = ScanViewController.h; sourceTree = "<group>"; };
		0AFAB5E31AB0830E00B37C25 /* ScanViewController.m */ = {isa = PBXFileReference; fileEncoding = 4; lastKnownFileType = sourcecode.c.objc; path = ScanViewController.m; sourceTree = "<group>"; };
		0AFAB5E51AB0830E00B37C25 /* MarkerCamera.h */ = {isa = PBXFileReference; fileEncoding = 4; lastKnownFileType = sourcecode.c.h; path = MarkerCamera.h; sourceTree = "<group>"; };
		0AFAB5E61AB0830E00B37C25 /* MarkerCamera.mm */ = {isa = PBXFileReference; fileEncoding = 4; lastKnownFileType = sourcecode.cpp.objcpp; path = MarkerCamera.mm; sourceTree = "<group>"; };
		0AFAB5F31AB0839000B37C25 /* Info.plist */ = {isa = PBXFileReference; fileEncoding = 4; lastKnownFileType = text.plist.xml; path = Info.plist; sourceTree = "<group>"; };
		0AFAB5F51AB0839000B37C25 /* acodes_ios_machine_settings.json */ = {isa = PBXFileReference; fileEncoding = 4; lastKnownFileType = text.json; path = acodes_ios_machine_settings.json; sourceTree = "<group>"; };
		0AFAB5F61AB0839000B37C25 /* default.json */ = {isa = PBXFileReference; fileEncoding = 4; lastKnownFileType = text.json; path = default.json; sourceTree = "<group>"; };
		0AFAB5F71AB0839000B37C25 /* icons.xcassets */ = {isa = PBXFileReference; lastKnownFileType = folder.assetcatalog; path = icons.xcassets; sourceTree = "<group>"; };
		0AFAB5F81AB0839000B37C25 /* keys.plist */ = {isa = PBXFileReference; fileEncoding = 4; lastKnownFileType = text.plist.xml; path = keys.plist; sourceTree = "<group>"; };
		0AFAB5F91AB0839000B37C25 /* Localizable.strings */ = {isa = PBXFileReference; fileEncoding = 4; lastKnownFileType = text.plist.strings; path = Localizable.strings; sourceTree = "<group>"; };
		0AFAB5FA1AB0839000B37C25 /* marker.html */ = {isa = PBXFileReference; fileEncoding = 4; lastKnownFileType = text.html; path = marker.html; sourceTree = "<group>"; };
		0AFAB5FB1AB0839000B37C25 /* penguins.png */ = {isa = PBXFileReference; lastKnownFileType = image.png; path = penguins.png; sourceTree = "<group>"; };
		0AFAB5FE1AB0839000B37C25 /* en */ = {isa = PBXFileReference; lastKnownFileType = file.storyboard; name = en; path = en.lproj/Storyboard.storyboard; sourceTree = "<group>"; };
		0AFAB5FF1AB0839000B37C25 /* launch.xib */ = {isa = PBXFileReference; fileEncoding = 4; lastKnownFileType = file.xib; path = launch.xib; sourceTree = "<group>"; };
		0AFAB6021AB0839000B37C25 /* ExperienceManager.h */ = {isa = PBXFileReference; fileEncoding = 4; lastKnownFileType = sourcecode.c.h; path = ExperienceManager.h; sourceTree = "<group>"; };
		0AFAB6031AB0839000B37C25 /* ExperienceManager.m */ = {isa = PBXFileReference; fileEncoding = 4; lastKnownFileType = sourcecode.c.objc; path = ExperienceManager.m; sourceTree = "<group>"; };
		0AFAB6051AB0839000B37C25 /* AppDelegate.h */ = {isa = PBXFileReference; fileEncoding = 4; lastKnownFileType = sourcecode.c.h; path = AppDelegate.h; sourceTree = "<group>"; };
		0AFAB6061AB0839000B37C25 /* AppDelegate.m */ = {isa = PBXFileReference; fileEncoding = 4; lastKnownFileType = sourcecode.c.objc; path = AppDelegate.m; sourceTree = "<group>"; };
		0AFAB6071AB0839000B37C25 /* main.m */ = {isa = PBXFileReference; fileEncoding = 4; lastKnownFileType = sourcecode.c.objc; path = main.m; sourceTree = "<group>"; };
		0AFAB6091AB0839000B37C25 /* CameraViewController.h */ = {isa = PBXFileReference; fileEncoding = 4; lastKnownFileType = sourcecode.c.h; path = CameraViewController.h; sourceTree = "<group>"; };
		0AFAB60A1AB0839000B37C25 /* CameraViewController.m */ = {isa = PBXFileReference; fileEncoding = 4; lastKnownFileType = sourcecode.c.objc; path = CameraViewController.m; sourceTree = "<group>"; };
		0AFAB60B1AB0839000B37C25 /* ExperienceEditController.h */ = {isa = PBXFileReference; fileEncoding = 4; lastKnownFileType = sourcecode.c.h; path = ExperienceEditController.h; sourceTree = "<group>"; };
		0AFAB60C1AB0839000B37C25 /* ExperienceEditController.m */ = {isa = PBXFileReference; fileEncoding = 4; lastKnownFileType = sourcecode.c.objc; path = ExperienceEditController.m; sourceTree = "<group>"; };
		0AFAB60D1AB0839000B37C25 /* ExperienceListViewController.h */ = {isa = PBXFileReference; fileEncoding = 4; lastKnownFileType = sourcecode.c.h; path = ExperienceListViewController.h; sourceTree = "<group>"; };
		0AFAB60E1AB0839000B37C25 /* ExperienceListViewController.m */ = {isa = PBXFileReference; fileEncoding = 4; lastKnownFileType = sourcecode.c.objc; path = ExperienceListViewController.m; sourceTree = "<group>"; };
		0AFAB60F1AB0839000B37C25 /* ExperiencePropertyViewController.h */ = {isa = PBXFileReference; fileEncoding = 4; lastKnownFileType = sourcecode.c.h; path = ExperiencePropertyViewController.h; sourceTree = "<group>"; };
		0AFAB6101AB0839000B37C25 /* ExperiencePropertyViewController.m */ = {isa = PBXFileReference; fileEncoding = 4; lastKnownFileType = sourcecode.c.objc; path = ExperiencePropertyViewController.m; sourceTree = "<group>"; };
		0AFAB6111AB0839000B37C25 /* ExperienceSelectionViewController.h */ = {isa = PBXFileReference; fileEncoding = 4; lastKnownFileType = sourcecode.c.h; path = ExperienceSelectionViewController.h; sourceTree = "<group>"; };
		0AFAB6121AB0839000B37C25 /* ExperienceSelectionViewController.m */ = {isa = PBXFileReference; fileEncoding = 4; lastKnownFileType = sourcecode.c.objc; path = ExperienceSelectionViewController.m; sourceTree = "<group>"; };
		0AFAB6131AB0839000B37C25 /* ExperienceViewController.h */ = {isa = PBXFileReference; fileEncoding = 4; lastKnownFileType = sourcecode.c.h; path = ExperienceViewController.h; sourceTree = "<group>"; };
		0AFAB6141AB0839000B37C25 /* ExperienceViewController.m */ = {isa = PBXFileReference; fileEncoding = 4; lastKnownFileType = sourcecode.c.objc; path = ExperienceViewController.m; sourceTree = "<group>"; };
		0AFAB6151AB0839000B37C25 /* MarkerEditController.h */ = {isa = PBXFileReference; fileEncoding = 4; lastKnownFileType = sourcecode.c.h; path = MarkerEditController.h; sourceTree = "<group>"; };
		0AFAB6161AB0839000B37C25 /* MarkerEditController.m */ = {isa = PBXFileReference; fileEncoding = 4; lastKnownFileType = sourcecode.c.objc; path = MarkerEditController.m; sourceTree = "<group>"; };
		0AFAB6171AB0839000B37C25 /* MarkerViewController.h */ = {isa = PBXFileReference; fileEncoding = 4; lastKnownFileType = sourcecode.c.h; path = MarkerViewController.h; sourceTree = "<group>"; };
		0AFAB6181AB0839000B37C25 /* MarkerViewController.m */ = {isa = PBXFileReference; fileEncoding = 4; lastKnownFileType = sourcecode.c.objc; path = MarkerViewController.m; sourceTree = "<group>"; };
		0AFAB6191AB0839000B37C25 /* SlidingViewController.h */ = {isa = PBXFileReference; fileEncoding = 4; lastKnownFileType = sourcecode.c.h; path = SlidingViewController.h; sourceTree = "<group>"; };
		0AFAB61A1AB0839000B37C25 /* SlidingViewController.m */ = {isa = PBXFileReference; fileEncoding = 4; lastKnownFileType = sourcecode.c.objc; path = SlidingViewController.m; sourceTree = "<group>"; };
		0AFAB6311AB084D400B37C25 /* aestheticodes.podspec */ = {isa = PBXFileReference; fileEncoding = 4; lastKnownFileType = text; path = aestheticodes.podspec; sourceTree = "<group>"; };
		600FE7D7AA010CF517044033 /* Pods.debug.xcconfig */ = {isa = PBXFileReference; includeInIndex = 1; lastKnownFileType = text.xcconfig; name = Pods.debug.xcconfig; path = "Pods/Target Support Files/Pods/Pods.debug.xcconfig"; sourceTree = "<group>"; };
		6B34CF68073257F998669A7F /* Pods.release.xcconfig */ = {isa = PBXFileReference; includeInIndex = 1; lastKnownFileType = text.xcconfig; name = Pods.release.xcconfig; path = "Pods/Target Support Files/Pods/Pods.release.xcconfig"; sourceTree = "<group>"; };
		937F129794D4CFD376C3012C /* libPods.a */ = {isa = PBXFileReference; explicitFileType = archive.ar; includeInIndex = 0; path = libPods.a; sourceTree = BUILT_PRODUCTS_DIR; };
/* End PBXFileReference section */

/* Begin PBXFrameworksBuildPhase section */
		0A5B22DB19460BC300145F1F /* Frameworks */ = {
			isa = PBXFrameworksBuildPhase;
			buildActionMask = 2147483647;
			files = (
				4C17915D2680318B8D8B8BAE /* libPods.a in Frameworks */,
			);
			runOnlyForDeploymentPostprocessing = 0;
		};
/* End PBXFrameworksBuildPhase section */

/* Begin PBXGroup section */
		0A5B22D519460BC200145F1F = {
			isa = PBXGroup;
			children = (
				0AFAB6311AB084D400B37C25 /* aestheticodes.podspec */,
				0A9A856A1AA4B78100BED214 /* aestheticodes.app */,
				0AFAB5F21AB0839000B37C25 /* App */,
				0AFAB5CB1AB0830E00B37C25 /* Core */,
				BA2AA526C58375059349E654 /* Frameworks */,
				DF14E6D6E73AB73E1FDF26BC /* Pods */,
				0AFAB4591AB0708100B37C25 /* Test */,
			);
			sourceTree = "<group>";
		};
		0AFAB4591AB0708100B37C25 /* Test */ = {
			isa = PBXGroup;
			children = (
			);
			name = Test;
			sourceTree = "<group>";
		};
		0AFAB5CB1AB0830E00B37C25 /* Core */ = {
			isa = PBXGroup;
			children = (
				0AFAB5CC1AB0830E00B37C25 /* res */,
				0AFAB5D01AB0830E00B37C25 /* src */,
			);
			name = Core;
			path = core;
			sourceTree = "<group>";
		};
		0AFAB5CC1AB0830E00B37C25 /* res */ = {
			isa = PBXGroup;
			children = (
				0AFAB5CD1AB0830E00B37C25 /* icons.xcassets */,
				0AFAB5CE1AB0830E00B37C25 /* ui */,
			);
			path = res;
			sourceTree = "<group>";
		};
		0AFAB5CE1AB0830E00B37C25 /* ui */ = {
			isa = PBXGroup;
			children = (
				0AFAB5CF1AB0830E00B37C25 /* camera.xib */,
			);
			path = ui;
			sourceTree = "<group>";
		};
		0AFAB5D01AB0830E00B37C25 /* src */ = {
			isa = PBXGroup;
			children = (
				0AFAB5D11AB0830E00B37C25 /* controllers */,
				0AFAB5D41AB0830E00B37C25 /* model */,
				0AFAB5E11AB0830E00B37C25 /* view controllers */,
				0AFAB5E41AB0830E00B37C25 /* views */,
			);
			path = src;
			sourceTree = "<group>";
		};
		0AFAB5D11AB0830E00B37C25 /* controllers */ = {
			isa = PBXGroup;
			children = (
				0AFAB5D21AB0830E00B37C25 /* ExperienceController.h */,
				0AFAB5D31AB0830E00B37C25 /* ExperienceController.m */,
			);
			path = controllers;
			sourceTree = "<group>";
		};
		0AFAB5D41AB0830E00B37C25 /* model */ = {
			isa = PBXGroup;
			children = (
				0AFAB5D51AB0830E00B37C25 /* ACODESCameraSettings.h */,
				0AFAB5D61AB0830E00B37C25 /* ACODESCameraSettings.m */,
				0AFAB5D71AB0830E00B37C25 /* ACODESMachineSettings.h */,
				0AFAB5D81AB0830E00B37C25 /* ACODESMachineSettings.m */,
				0AFAB5D91AB0830E00B37C25 /* Experience.h */,
				0AFAB5DA1AB0830E00B37C25 /* Experience.m */,
				0AFAB5DB1AB0830E00B37C25 /* Marker.h */,
				0AFAB5DC1AB0830E00B37C25 /* Marker.m */,
				0AFAB5DD1AB0830E00B37C25 /* MarkerCode.h */,
				0AFAB5DE1AB0830E00B37C25 /* MarkerCode.m */,
				0AFAB5DF1AB0830E00B37C25 /* MarkerSelection.h */,
				0AFAB5E01AB0830E00B37C25 /* MarkerSelection.m */,
			);
			path = model;
			sourceTree = "<group>";
		};
		0AFAB5E11AB0830E00B37C25 /* view controllers */ = {
			isa = PBXGroup;
			children = (
				0AFAB5E21AB0830E00B37C25 /* ScanViewController.h */,
				0AFAB5E31AB0830E00B37C25 /* ScanViewController.m */,
			);
			path = "view controllers";
			sourceTree = "<group>";
		};
		0AFAB5E41AB0830E00B37C25 /* views */ = {
			isa = PBXGroup;
			children = (
				0AFAB5E51AB0830E00B37C25 /* MarkerCamera.h */,
				0AFAB5E61AB0830E00B37C25 /* MarkerCamera.mm */,
			);
			path = views;
			sourceTree = "<group>";
		};
		0AFAB5F21AB0839000B37C25 /* App */ = {
			isa = PBXGroup;
			children = (
				0AFAB5F31AB0839000B37C25 /* Info.plist */,
				0AFAB5F41AB0839000B37C25 /* res */,
				0AFAB6001AB0839000B37C25 /* src */,
			);
			name = App;
			path = app;
			sourceTree = "<group>";
		};
		0AFAB5F41AB0839000B37C25 /* res */ = {
			isa = PBXGroup;
			children = (
				0AFAB5F51AB0839000B37C25 /* acodes_ios_machine_settings.json */,
				0AFAB5F61AB0839000B37C25 /* default.json */,
				0AFAB5F71AB0839000B37C25 /* icons.xcassets */,
				0AFAB5F81AB0839000B37C25 /* keys.plist */,
				0AFAB5F91AB0839000B37C25 /* Localizable.strings */,
				0AFAB5FA1AB0839000B37C25 /* marker.html */,
				0AFAB5FB1AB0839000B37C25 /* penguins.png */,
				0AFAB5FC1AB0839000B37C25 /* ui */,
			);
			path = res;
			sourceTree = "<group>";
		};
		0AFAB5FC1AB0839000B37C25 /* ui */ = {
			isa = PBXGroup;
			children = (
				0AFAB5FD1AB0839000B37C25 /* Storyboard.storyboard */,
				0AFAB5FF1AB0839000B37C25 /* launch.xib */,
			);
			path = ui;
			sourceTree = "<group>";
		};
		0AFAB6001AB0839000B37C25 /* src */ = {
			isa = PBXGroup;
			children = (
				0AFAB6011AB0839000B37C25 /* controllers */,
				0AFAB6041AB0839000B37C25 /* init */,
				0AFAB6081AB0839000B37C25 /* view controllers */,
			);
			path = src;
			sourceTree = "<group>";
		};
		0AFAB6011AB0839000B37C25 /* controllers */ = {
			isa = PBXGroup;
			children = (
				0AFAB6021AB0839000B37C25 /* ExperienceManager.h */,
				0AFAB6031AB0839000B37C25 /* ExperienceManager.m */,
			);
			path = controllers;
			sourceTree = "<group>";
		};
		0AFAB6041AB0839000B37C25 /* init */ = {
			isa = PBXGroup;
			children = (
				0AFAB6051AB0839000B37C25 /* AppDelegate.h */,
				0AFAB6061AB0839000B37C25 /* AppDelegate.m */,
				0AFAB6071AB0839000B37C25 /* main.m */,
			);
			path = init;
			sourceTree = "<group>";
		};
		0AFAB6081AB0839000B37C25 /* view controllers */ = {
			isa = PBXGroup;
			children = (
				0A513F501AB71568008B926F /* ChecksumViewController.h */,
				0A513F511AB71568008B926F /* ChecksumViewController.m */,
				0AFAB6091AB0839000B37C25 /* CameraViewController.h */,
				0AFAB60A1AB0839000B37C25 /* CameraViewController.m */,
				0AFAB60B1AB0839000B37C25 /* ExperienceEditController.h */,
				0AFAB60C1AB0839000B37C25 /* ExperienceEditController.m */,
				0AFAB60D1AB0839000B37C25 /* ExperienceListViewController.h */,
				0AFAB60E1AB0839000B37C25 /* ExperienceListViewController.m */,
				0AFAB60F1AB0839000B37C25 /* ExperiencePropertyViewController.h */,
				0AFAB6101AB0839000B37C25 /* ExperiencePropertyViewController.m */,
				0AFAB6111AB0839000B37C25 /* ExperienceSelectionViewController.h */,
				0AFAB6121AB0839000B37C25 /* ExperienceSelectionViewController.m */,
				0AFAB6131AB0839000B37C25 /* ExperienceViewController.h */,
				0AFAB6141AB0839000B37C25 /* ExperienceViewController.m */,
				0AFAB6151AB0839000B37C25 /* MarkerEditController.h */,
				0AFAB6161AB0839000B37C25 /* MarkerEditController.m */,
				0AFAB6171AB0839000B37C25 /* MarkerViewController.h */,
				0AFAB6181AB0839000B37C25 /* MarkerViewController.m */,
				0AFAB6191AB0839000B37C25 /* SlidingViewController.h */,
				0AFAB61A1AB0839000B37C25 /* SlidingViewController.m */,
				0ACF12AE1AB3057E0032B185 /* RegionViewController.h */,
				0ACF12AF1AB3057E0032B185 /* RegionViewController.m */,
			);
			path = "view controllers";
			sourceTree = "<group>";
		};
		BA2AA526C58375059349E654 /* Frameworks */ = {
			isa = PBXGroup;
			children = (
				937F129794D4CFD376C3012C /* libPods.a */,
			);
			name = Frameworks;
			sourceTree = "<group>";
		};
		DF14E6D6E73AB73E1FDF26BC /* Pods */ = {
			isa = PBXGroup;
			children = (
				600FE7D7AA010CF517044033 /* Pods.debug.xcconfig */,
				6B34CF68073257F998669A7F /* Pods.release.xcconfig */,
			);
			name = Pods;
			sourceTree = "<group>";
		};
/* End PBXGroup section */

/* Begin PBXNativeTarget section */
		0A5B22DD19460BC300145F1F /* aestheticodes */ = {
			isa = PBXNativeTarget;
			buildConfigurationList = 0A5B22F519460BC300145F1F /* Build configuration list for PBXNativeTarget "aestheticodes" */;
			buildPhases = (
				4FC00168B270477892EFDF28 /* Check Pods Manifest.lock */,
				0A5B22DA19460BC300145F1F /* Sources */,
				0A5B22DB19460BC300145F1F /* Frameworks */,
				0A5B22DC19460BC300145F1F /* Resources */,
				AA69A3E343A74D9EACBE541F /* Copy Pods Resources */,
				0A513F531AB860B8008B926F /* ShellScript */,
			);
			buildRules = (
			);
			dependencies = (
			);
			name = aestheticodes;
			productName = aestheticodes;
			productReference = 0A9A856A1AA4B78100BED214 /* aestheticodes.app */;
			productType = "com.apple.product-type.application";
		};
/* End PBXNativeTarget section */

/* Begin PBXProject section */
		0A5B22D619460BC200145F1F /* Project object */ = {
			isa = PBXProject;
			attributes = {
				LastUpgradeCheck = 0620;
				ORGANIZATIONNAME = Horizon;
				TargetAttributes = {
					0A5B22DD19460BC300145F1F = {
						CreatedOnToolsVersion = 6.0;
						DevelopmentTeam = GLPSMZ875K;
					};
				};
			};
			buildConfigurationList = 0A5B22D919460BC200145F1F /* Build configuration list for PBXProject "aestheticodes" */;
			compatibilityVersion = "Xcode 3.2";
			developmentRegion = English;
			hasScannedForEncodings = 0;
			knownRegions = (
				en,
			);
			mainGroup = 0A5B22D519460BC200145F1F;
			productRefGroup = 0A5B22D519460BC200145F1F;
			projectDirPath = "";
			projectRoot = "";
			targets = (
				0A5B22DD19460BC300145F1F /* aestheticodes */,
			);
		};
/* End PBXProject section */

/* Begin PBXResourcesBuildPhase section */
		0A5B22DC19460BC300145F1F /* Resources */ = {
			isa = PBXResourcesBuildPhase;
			buildActionMask = 2147483647;
			files = (
				0AFAB61F1AB0839000B37C25 /* keys.plist in Resources */,
				0AFAB6231AB0839000B37C25 /* Storyboard.storyboard in Resources */,
				0AFAB61E1AB0839000B37C25 /* icons.xcassets in Resources */,
				0AFAB5E71AB0830E00B37C25 /* icons.xcassets in Resources */,
				0AFAB61D1AB0839000B37C25 /* default.json in Resources */,
				0AFAB5E81AB0830E00B37C25 /* camera.xib in Resources */,
				0AFAB6201AB0839000B37C25 /* Localizable.strings in Resources */,
				0AFAB6221AB0839000B37C25 /* penguins.png in Resources */,
				0AFAB61C1AB0839000B37C25 /* acodes_ios_machine_settings.json in Resources */,
				0AFAB6211AB0839000B37C25 /* marker.html in Resources */,
				0AFAB6241AB0839000B37C25 /* launch.xib in Resources */,
				0AFAB6321AB084D400B37C25 /* aestheticodes.podspec in Resources */,
			);
			runOnlyForDeploymentPostprocessing = 0;
		};
/* End PBXResourcesBuildPhase section */

/* Begin PBXShellScriptBuildPhase section */
		0A513F531AB860B8008B926F /* ShellScript */ = {
			isa = PBXShellScriptBuildPhase;
			buildActionMask = 2147483647;
			files = (
			);
			inputPaths = (
			);
			outputPaths = (
			);
			runOnlyForDeploymentPostprocessing = 0;
			shellPath = /bin/sh;
			shellScript = "#!/bin/bash\nbuildNumber=$(/usr/libexec/PlistBuddy -c \"Print CFBundleVersion\" \"$INFOPLIST_FILE\")\nbuildNumber=$(($buildNumber + 1))\n/usr/libexec/PlistBuddy -c \"Set :CFBundleVersion $buildNumber\" \"$INFOPLIST_FILE\"";
		};
		4FC00168B270477892EFDF28 /* Check Pods Manifest.lock */ = {
			isa = PBXShellScriptBuildPhase;
			buildActionMask = 2147483647;
			files = (
			);
			inputPaths = (
			);
			name = "Check Pods Manifest.lock";
			outputPaths = (
			);
			runOnlyForDeploymentPostprocessing = 0;
			shellPath = /bin/sh;
			shellScript = "diff \"${PODS_ROOT}/../Podfile.lock\" \"${PODS_ROOT}/Manifest.lock\" > /dev/null\nif [[ $? != 0 ]] ; then\n    cat << EOM\nerror: The sandbox is not in sync with the Podfile.lock. Run 'pod install' or update your CocoaPods installation.\nEOM\n    exit 1\nfi\n";
			showEnvVarsInLog = 0;
		};
		AA69A3E343A74D9EACBE541F /* Copy Pods Resources */ = {
			isa = PBXShellScriptBuildPhase;
			buildActionMask = 2147483647;
			files = (
			);
			inputPaths = (
			);
			name = "Copy Pods Resources";
			outputPaths = (
			);
			runOnlyForDeploymentPostprocessing = 0;
			shellPath = /bin/sh;
			shellScript = "\"${SRCROOT}/Pods/Target Support Files/Pods/Pods-resources.sh\"\n";
			showEnvVarsInLog = 0;
		};
/* End PBXShellScriptBuildPhase section */

/* Begin PBXSourcesBuildPhase section */
		0A5B22DA19460BC300145F1F /* Sources */ = {
			isa = PBXSourcesBuildPhase;
			buildActionMask = 2147483647;
			files = (
				0AFAB62E1AB0839000B37C25 /* MarkerEditController.m in Sources */,
				0AFAB6261AB0839000B37C25 /* AppDelegate.m in Sources */,
				0AFAB5ED1AB0830E00B37C25 /* Marker.m in Sources */,
				0AFAB6251AB0839000B37C25 /* ExperienceManager.m in Sources */,
				0AFAB6291AB0839000B37C25 /* ExperienceEditController.m in Sources */,
				0AFAB62C1AB0839000B37C25 /* ExperienceSelectionViewController.m in Sources */,
				0AFAB5F11AB0830E00B37C25 /* MarkerCamera.mm in Sources */,
				0AFAB6301AB0839000B37C25 /* SlidingViewController.m in Sources */,
				0A513F521AB71568008B926F /* ChecksumViewController.m in Sources */,
				0AFAB5E91AB0830E00B37C25 /* ExperienceController.m in Sources */,
				0AFAB5EA1AB0830E00B37C25 /* ACODESCameraSettings.m in Sources */,
				0AFAB5EB1AB0830E00B37C25 /* ACODESMachineSettings.m in Sources */,
				0AFAB62F1AB0839000B37C25 /* MarkerViewController.m in Sources */,
				0AFAB5EF1AB0830E00B37C25 /* MarkerSelection.m in Sources */,
				0AFAB5F01AB0830E00B37C25 /* ScanViewController.m in Sources */,
				0ACF12B01AB3057E0032B185 /* RegionViewController.m in Sources */,
				0AFAB6281AB0839000B37C25 /* CameraViewController.m in Sources */,
				0AFAB5EE1AB0830E00B37C25 /* MarkerCode.m in Sources */,
				0AFAB62A1AB0839000B37C25 /* ExperienceListViewController.m in Sources */,
				0AFAB62B1AB0839000B37C25 /* ExperiencePropertyViewController.m in Sources */,
				0AFAB6271AB0839000B37C25 /* main.m in Sources */,
				0AFAB62D1AB0839000B37C25 /* ExperienceViewController.m in Sources */,
				0AFAB5EC1AB0830E00B37C25 /* Experience.m in Sources */,
			);
			runOnlyForDeploymentPostprocessing = 0;
		};
/* End PBXSourcesBuildPhase section */

/* Begin PBXVariantGroup section */
		0AFAB5FD1AB0839000B37C25 /* Storyboard.storyboard */ = {
			isa = PBXVariantGroup;
			children = (
				0AFAB5FE1AB0839000B37C25 /* en */,
			);
			name = Storyboard.storyboard;
			sourceTree = "<group>";
		};
/* End PBXVariantGroup section */

/* Begin XCBuildConfiguration section */
		0A5B22F319460BC300145F1F /* Debug */ = {
			isa = XCBuildConfiguration;
			buildSettings = {
				ALWAYS_SEARCH_USER_PATHS = NO;
				CLANG_CXX_LANGUAGE_STANDARD = "c++14";
				CLANG_CXX_LIBRARY = "libc++";
				CLANG_ENABLE_MODULES = YES;
				CLANG_ENABLE_OBJC_ARC = YES;
				CLANG_WARN_BOOL_CONVERSION = YES;
				CLANG_WARN_CONSTANT_CONVERSION = YES;
				CLANG_WARN_DIRECT_OBJC_ISA_USAGE = YES_ERROR;
				CLANG_WARN_EMPTY_BODY = YES;
				CLANG_WARN_ENUM_CONVERSION = YES;
				CLANG_WARN_INT_CONVERSION = YES;
				CLANG_WARN_OBJC_ROOT_CLASS = YES_ERROR;
				CLANG_WARN_UNREACHABLE_CODE = YES;
				CLANG_WARN__DUPLICATE_METHOD_MATCH = YES;
				CODE_SIGN_IDENTITY = "";
				"CODE_SIGN_IDENTITY[sdk=iphoneos*]" = "";
				COPY_PHASE_STRIP = NO;
				ENABLE_STRICT_OBJC_MSGSEND = YES;
				GCC_C_LANGUAGE_STANDARD = gnu99;
				GCC_DYNAMIC_NO_PIC = NO;
				GCC_OPTIMIZATION_LEVEL = 0;
				GCC_PREPROCESSOR_DEFINITIONS = (
					"DEBUG=1",
					"$(inherited)",
				);
				GCC_SYMBOLS_PRIVATE_EXTERN = NO;
				GCC_WARN_64_TO_32_BIT_CONVERSION = YES;
				GCC_WARN_ABOUT_RETURN_TYPE = YES_ERROR;
				GCC_WARN_UNDECLARED_SELECTOR = YES;
				GCC_WARN_UNINITIALIZED_AUTOS = YES_AGGRESSIVE;
				GCC_WARN_UNUSED_FUNCTION = YES;
				GCC_WARN_UNUSED_VARIABLE = YES;
				IPHONEOS_DEPLOYMENT_TARGET = 7.0;
				METAL_ENABLE_DEBUG_INFO = YES;
				ONLY_ACTIVE_ARCH = YES;
				PROVISIONING_PROFILE = "89f5a357-fb22-4e2b-ad86-14a294919222";
				SDKROOT = iphoneos;
				SWIFT_OPTIMIZATION_LEVEL = "-Onone";
				TARGETED_DEVICE_FAMILY = "1,2";
				VALIDATE_PRODUCT = NO;
			};
			name = Debug;
		};
		0A5B22F419460BC300145F1F /* Release */ = {
			isa = XCBuildConfiguration;
			buildSettings = {
				ALWAYS_SEARCH_USER_PATHS = NO;
				CLANG_CXX_LANGUAGE_STANDARD = "c++14";
				CLANG_CXX_LIBRARY = "libc++";
				CLANG_ENABLE_MODULES = YES;
				CLANG_ENABLE_OBJC_ARC = YES;
				CLANG_WARN_BOOL_CONVERSION = YES;
				CLANG_WARN_CONSTANT_CONVERSION = YES;
				CLANG_WARN_DIRECT_OBJC_ISA_USAGE = YES_ERROR;
				CLANG_WARN_EMPTY_BODY = YES;
				CLANG_WARN_ENUM_CONVERSION = YES;
				CLANG_WARN_INT_CONVERSION = YES;
				CLANG_WARN_OBJC_ROOT_CLASS = YES_ERROR;
				CLANG_WARN_UNREACHABLE_CODE = YES;
				CLANG_WARN__DUPLICATE_METHOD_MATCH = YES;
				CODE_SIGN_IDENTITY = "";
				"CODE_SIGN_IDENTITY[sdk=iphoneos*]" = "";
				COPY_PHASE_STRIP = YES;
				ENABLE_NS_ASSERTIONS = NO;
				ENABLE_STRICT_OBJC_MSGSEND = YES;
				GCC_C_LANGUAGE_STANDARD = gnu99;
				GCC_WARN_64_TO_32_BIT_CONVERSION = YES;
				GCC_WARN_ABOUT_RETURN_TYPE = YES_ERROR;
				GCC_WARN_UNDECLARED_SELECTOR = YES;
				GCC_WARN_UNINITIALIZED_AUTOS = YES_AGGRESSIVE;
				GCC_WARN_UNUSED_FUNCTION = YES;
				GCC_WARN_UNUSED_VARIABLE = YES;
				IPHONEOS_DEPLOYMENT_TARGET = 7.0;
				METAL_ENABLE_DEBUG_INFO = NO;
				PROVISIONING_PROFILE = "89f5a357-fb22-4e2b-ad86-14a294919222";
				SDKROOT = iphoneos;
				TARGETED_DEVICE_FAMILY = "1,2";
				VALIDATE_PRODUCT = YES;
			};
			name = Release;
		};
		0A5B22F619460BC300145F1F /* Debug */ = {
			isa = XCBuildConfiguration;
			baseConfigurationReference = 600FE7D7AA010CF517044033 /* Pods.debug.xcconfig */;
			buildSettings = {
				ASSETCATALOG_COMPILER_APPICON_NAME = AppIcon;
				ASSETCATALOG_COMPILER_LAUNCHIMAGE_NAME = LaunchImage;
				CLANG_CXX_LANGUAGE_STANDARD = "compiler-default";
				CODE_SIGN_IDENTITY = "iPhone Developer";
				"CODE_SIGN_IDENTITY[sdk=iphoneos*]" = "iPhone Developer";
				DEFINES_MODULE = YES;
				INFOPLIST_FILE = "$(SRCROOT)/app/Info.plist";
				IPHONEOS_DEPLOYMENT_TARGET = 7.0;
				PRODUCT_NAME = aestheticodes;
				PROVISIONING_PROFILE = "89f5a357-fb22-4e2b-ad86-14a294919222";
				SWIFT_OBJC_BRIDGING_HEADER = "aestheticodes-Bridging-Header.h";
				TARGETED_DEVICE_FAMILY = "1,2";
			};
			name = Debug;
		};
		0A5B22F719460BC300145F1F /* Release */ = {
			isa = XCBuildConfiguration;
			baseConfigurationReference = 6B34CF68073257F998669A7F /* Pods.release.xcconfig */;
			buildSettings = {
				ASSETCATALOG_COMPILER_APPICON_NAME = AppIcon;
				ASSETCATALOG_COMPILER_LAUNCHIMAGE_NAME = LaunchImage;
				CLANG_CXX_LANGUAGE_STANDARD = "compiler-default";
				CODE_SIGN_IDENTITY = "iPhone Developer";
				"CODE_SIGN_IDENTITY[sdk=iphoneos*]" = "iPhone Developer";
				DEFINES_MODULE = YES;
				INFOPLIST_FILE = "$(SRCROOT)/app/Info.plist";
				IPHONEOS_DEPLOYMENT_TARGET = 7.0;
				PRODUCT_NAME = aestheticodes;
				PROVISIONING_PROFILE = "89f5a357-fb22-4e2b-ad86-14a294919222";
				SWIFT_OBJC_BRIDGING_HEADER = "aestheticodes-Bridging-Header.h";
				TARGETED_DEVICE_FAMILY = "1,2";
			};
			name = Release;
		};
/* End XCBuildConfiguration section */

/* Begin XCConfigurationList section */
		0A5B22D919460BC200145F1F /* Build configuration list for PBXProject "aestheticodes" */ = {
			isa = XCConfigurationList;
			buildConfigurations = (
				0A5B22F319460BC300145F1F /* Debug */,
				0A5B22F419460BC300145F1F /* Release */,
			);
			defaultConfigurationIsVisible = 0;
			defaultConfigurationName = Release;
		};
		0A5B22F519460BC300145F1F /* Build configuration list for PBXNativeTarget "aestheticodes" */ = {
			isa = XCConfigurationList;
			buildConfigurations = (
				0A5B22F619460BC300145F1F /* Debug */,
				0A5B22F719460BC300145F1F /* Release */,
			);
			defaultConfigurationIsVisible = 0;
			defaultConfigurationName = Release;
		};
/* End XCConfigurationList section */
	};
	rootObject = 0A5B22D619460BC200145F1F /* Project object */;
}
